PODS:
  - Alamofire (5.7.1)
  - GoogleMaps (8.0.0):
    - GoogleMaps/Maps (= 8.0.0)
  - GoogleMaps/Base (8.0.0)
  - GoogleMaps/Maps (8.0.0):
    - GoogleMaps/Base
  - GooglePlaces (8.0.0)
  - lottie-ios (4.2.0)
  - MBProgressHUD (1.2.0)
  - SDWebImage (5.15.8):
    - SDWebImage/Core (= 5.15.8)
  - SDWebImage/Core (5.15.8)
  - SwiftyJSON (5.0.1)
  - Toast-Swift (5.0.1)

DEPENDENCIES:
  - Alamofire
  - GoogleMaps
  - GooglePlaces
  - lottie-ios
  - MBProgressHUD
  - SDWebImage
  - SwiftyJSON
  - Toast-Swift

SPEC REPOS:
  trunk:
    - Alamofire
    - GoogleMaps
    - GooglePlaces
    - lottie-ios
    - MBProgressHUD
    - SDWebImage
    - SwiftyJSON
    - Toast-Swift

SPEC CHECKSUMS:
  Alamofire: 0123a34370cb170936ae79a8df46cc62b2edeb88
  GoogleMaps: 0dce473ab18742d0f327887853630927cbee9127
  GooglePlaces: 46231f49e2dc52aa9a604f99e2e6b29996f30cc7
  lottie-ios: 809ecf2d460ed650a6aed7aa88b2ec45fab4779c
  MBProgressHUD: 3ee5efcc380f6a79a7cc9b363dd669c5e1ae7406
  SDWebImage: cb032eba469c54e0000e78bcb0a13cdde0a52798
  SwiftyJSON: 2f33a42c6fbc52764d96f13368585094bfd8aa5e
  Toast-Swift: 9b6a70f28b3bf0b96c40d46c0c4b9d6639846711

PODFILE CHECKSUM: eb29e8dc8b74a53ef1d65f32ac7d7bcd44d5da43

COCOAPODS: 1.12.1
