// !$*UTF8*$!
{
	archiveVersion = 1;
	classes = {
	};
	objectVersion = 56;
	objects = {

/* Begin PBXBuildFile section */
		333DC6AECE20BD486CF7CC2E /* Pods_AstroPolloTests.framework in Frameworks */ = {isa = PBXBuildFile; fileRef = F3888F985381C30F295DE45D /* Pods_AstroPolloTests.framework */; };
		42ABFC5AB9B707F09B3198D8 /* Pods_AstroPollo.framework in Frameworks */ = {isa = PBXBuildFile; fileRef = E57B4527E243C6C40A9FEF7A /* Pods_AstroPollo.framework */; };
		8F26430D2A206894003CB6EA /* AppDelegate.swift in Sources */ = {isa = PBXBuildFile; fileRef = 8F26430C2A206894003CB6EA /* AppDelegate.swift */; };
		8F26430F2A206894003CB6EA /* SceneDelegate.swift in Sources */ = {isa = PBXBuildFile; fileRef = 8F26430E2A206894003CB6EA /* SceneDelegate.swift */; };
		8F2643112A206894003CB6EA /* ViewController.swift in Sources */ = {isa = PBXBuildFile; fileRef = 8F2643102A206894003CB6EA /* ViewController.swift */; };
		8F2643142A206894003CB6EA /* Main.storyboard in Resources */ = {isa = PBXBuildFile; fileRef = 8F2643122A206894003CB6EA /* Main.storyboard */; };
		8F2643162A206895003CB6EA /* Assets.xcassets in Resources */ = {isa = PBXBuildFile; fileRef = 8F2643152A206895003CB6EA /* Assets.xcassets */; };
		8F2643192A206895003CB6EA /* LaunchScreen.storyboard in Resources */ = {isa = PBXBuildFile; fileRef = 8F2643172A206895003CB6EA /* LaunchScreen.storyboard */; };
		8F2643242A206895003CB6EA /* AstroPolloTests.swift in Sources */ = {isa = PBXBuildFile; fileRef = 8F2643232A206895003CB6EA /* AstroPolloTests.swift */; };
		8F26432E2A206895003CB6EA /* AstroPolloUITests.swift in Sources */ = {isa = PBXBuildFile; fileRef = 8F26432D2A206895003CB6EA /* AstroPolloUITests.swift */; };
		8F2643302A206895003CB6EA /* AstroPolloUITestsLaunchTests.swift in Sources */ = {isa = PBXBuildFile; fileRef = 8F26432F2A206895003CB6EA /* AstroPolloUITestsLaunchTests.swift */; };
		8F3EC7FC2A254374006BC0AD /* PerfilController.swift in Sources */ = {isa = PBXBuildFile; fileRef = 8F3EC7FB2A254374006BC0AD /* PerfilController.swift */; };
		8F3EC7FE2A2548ED006BC0AD /* PerfilViewCell.swift in Sources */ = {isa = PBXBuildFile; fileRef = 8F3EC7FD2A2548ED006BC0AD /* PerfilViewCell.swift */; };
		8F3EC8012A255464006BC0AD /* HorariosController.swift in Sources */ = {isa = PBXBuildFile; fileRef = 8F3EC8002A255464006BC0AD /* HorariosController.swift */; };
		8F3EC8032A256004006BC0AD /* HorariosViewCell.swift in Sources */ = {isa = PBXBuildFile; fileRef = 8F3EC8022A256004006BC0AD /* HorariosViewCell.swift */; };
		8F3EC8072A2563F2006BC0AD /* ModeloHorario.swift in Sources */ = {isa = PBXBuildFile; fileRef = 8F3EC8062A2563F2006BC0AD /* ModeloHorario.swift */; };
		8F3EC80A2A256FF8006BC0AD /* PasswordPerfilController.swift in Sources */ = {isa = PBXBuildFile; fileRef = 8F3EC8092A256FF8006BC0AD /* PasswordPerfilController.swift */; };
		8F3EC80D2A257965006BC0AD /* PerfilCorreoController.swift in Sources */ = {isa = PBXBuildFile; fileRef = 8F3EC80C2A257965006BC0AD /* PerfilCorreoController.swift */; };
		8F3EC80F2A258A95006BC0AD /* DatosGuardados.swift in Sources */ = {isa = PBXBuildFile; fileRef = 8F3EC80E2A258A94006BC0AD /* DatosGuardados.swift */; };
		8F3EC8122A259345006BC0AD /* ListaDireccionesController.swift in Sources */ = {isa = PBXBuildFile; fileRef = 8F3EC8112A259345006BC0AD /* ListaDireccionesController.swift */; };
		8F3EC8142A259836006BC0AD /* ListaDireccionesViewCell.swift in Sources */ = {isa = PBXBuildFile; fileRef = 8F3EC8132A259836006BC0AD /* ListaDireccionesViewCell.swift */; };
		8F3EC8172A259A74006BC0AD /* ModeloDirecciones.swift in Sources */ = {isa = PBXBuildFile; fileRef = 8F3EC8162A259A74006BC0AD /* ModeloDirecciones.swift */; };
		8F3EC8192A25A237006BC0AD /* SeleccionarDireccionController.swift in Sources */ = {isa = PBXBuildFile; fileRef = 8F3EC8182A25A237006BC0AD /* SeleccionarDireccionController.swift */; };
		8F4810962A23B3710024FBC3 /* Toast.swift in Sources */ = {isa = PBXBuildFile; fileRef = 8F4810952A23B3710024FBC3 /* Toast.swift */; };
		8F4810982A23B9D70024FBC3 /* RecuperacionCorreoController.swift in Sources */ = {isa = PBXBuildFile; fileRef = 8F4810972A23B9D70024FBC3 /* RecuperacionCorreoController.swift */; };
		8F48109A2A23BA8E0024FBC3 /* jsonemail.json in Resources */ = {isa = PBXBuildFile; fileRef = 8F4810992A23BA8E0024FBC3 /* jsonemail.json */; };
		8F48109E2A23C5590024FBC3 /* VerificarController.swift in Sources */ = {isa = PBXBuildFile; fileRef = 8F48109D2A23C5590024FBC3 /* VerificarController.swift */; };
		8F4810A02A23C5E10024FBC3 /* jsonemailenviado.json in Resources */ = {isa = PBXBuildFile; fileRef = 8F48109F2A23C5E10024FBC3 /* jsonemailenviado.json */; };
		8F4810A22A23CE970024FBC3 /* CambiarPasswordController.swift in Sources */ = {isa = PBXBuildFile; fileRef = 8F4810A12A23CE970024FBC3 /* CambiarPasswordController.swift */; };
		8F4810A52A23D1D30024FBC3 /* jsonpassword.json in Resources */ = {isa = PBXBuildFile; fileRef = 8F4810A32A23D1D30024FBC3 /* jsonpassword.json */; };
		8F4810A62A23D1D30024FBC3 /* jsonunlockpassword.json in Resources */ = {isa = PBXBuildFile; fileRef = 8F4810A42A23D1D30024FBC3 /* jsonunlockpassword.json */; };
		8F4810A82A23F2CD0024FBC3 /* Validator.swift in Sources */ = {isa = PBXBuildFile; fileRef = 8F4810A72A23F2CD0024FBC3 /* Validator.swift */; };
		8F4810AB2A23F3E30024FBC3 /* APINetwork.swift in Sources */ = {isa = PBXBuildFile; fileRef = 8F4810AA2A23F3E30024FBC3 /* APINetwork.swift */; };
		8F4810AE2A24551A0024FBC3 /* TabBarViewController.swift in Sources */ = {isa = PBXBuildFile; fileRef = 8F4810AD2A24551A0024FBC3 /* TabBarViewController.swift */; };
		8F4810B02A2456A00024FBC3 /* ServiciosViewController.swift in Sources */ = {isa = PBXBuildFile; fileRef = 8F4810AF2A2456A00024FBC3 /* ServiciosViewController.swift */; };
		8F4810B22A24586C0024FBC3 /* ServiciosCollectionCellController.swift in Sources */ = {isa = PBXBuildFile; fileRef = 8F4810B12A24586C0024FBC3 /* ServiciosCollectionCellController.swift */; };
		8F4810B52A2458B90024FBC3 /* OrdenesViewController.swift in Sources */ = {isa = PBXBuildFile; fileRef = 8F4810B42A2458B90024FBC3 /* OrdenesViewController.swift */; };
		8F8B9BE52A229FA500070D34 /* EstiloTextField.swift in Sources */ = {isa = PBXBuildFile; fileRef = 8F8B9BE42A229FA500070D34 /* EstiloTextField.swift */; };
		8F8B9BE72A22A1B000070D34 /* TextFieldImagen.swift in Sources */ = {isa = PBXBuildFile; fileRef = 8F8B9BE62A22A1B000070D34 /* TextFieldImagen.swift */; };
		8F8B9BE92A22A91E00070D34 /* CustomTextField.swift in Sources */ = {isa = PBXBuildFile; fileRef = 8F8B9BE82A22A91E00070D34 /* CustomTextField.swift */; };
		8F8B9BEC2A22AB2B00070D34 /* LoginController.swift in Sources */ = {isa = PBXBuildFile; fileRef = 8F8B9BEB2A22AB2B00070D34 /* LoginController.swift */; };
		8F8B9BEE2A22D7D900070D34 /* RegistroController.swift in Sources */ = {isa = PBXBuildFile; fileRef = 8F8B9BED2A22D7D900070D34 /* RegistroController.swift */; };
		8F8B9BF02A22D91D00070D34 /* jsonhotdog.json in Resources */ = {isa = PBXBuildFile; fileRef = 8F8B9BEF2A22D91D00070D34 /* jsonhotdog.json */; };
		8FD912042A21799500624541 /* SplashController.swift in Sources */ = {isa = PBXBuildFile; fileRef = 8FD912032A21799500624541 /* SplashController.swift */; };
		8FD912072A217E3600624541 /* jsonhambu.json in Resources */ = {isa = PBXBuildFile; fileRef = 8FD912062A217E3600624541 /* jsonhambu.json */; };
		8FD912122A219DC900624541 /* hotpizza.ttf in Resources */ = {isa = PBXBuildFile; fileRef = 8FD912112A219DC900624541 /* hotpizza.ttf */; };
		8FDC4A332A264ED100C5052E /* MapaDireccionController.swift in Sources */ = {isa = PBXBuildFile; fileRef = 8FDC4A322A264ED100C5052E /* MapaDireccionController.swift */; };
		8FDC4A352A26520600C5052E /* BarraProgresoController.swift in Sources */ = {isa = PBXBuildFile; fileRef = 8FDC4A342A26520600C5052E /* BarraProgresoController.swift */; };
		9C6A566894115573DCD24381 /* Pods_AstroPollo_AstroPolloUITests.framework in Frameworks */ = {isa = PBXBuildFile; fileRef = BEF2EA853D0F7C215656C00C /* Pods_AstroPollo_AstroPolloUITests.framework */; };
/* End PBXBuildFile section */

/* Begin PBXContainerItemProxy section */
		8F2643202A206895003CB6EA /* PBXContainerItemProxy */ = {
			isa = PBXContainerItemProxy;
			containerPortal = 8F2643012A206894003CB6EA /* Project object */;
			proxyType = 1;
			remoteGlobalIDString = 8F2643082A206894003CB6EA;
			remoteInfo = AstroPollo;
		};
		8F26432A2A206895003CB6EA /* PBXContainerItemProxy */ = {
			isa = PBXContainerItemProxy;
			containerPortal = 8F2643012A206894003CB6EA /* Project object */;
			proxyType = 1;
			remoteGlobalIDString = 8F2643082A206894003CB6EA;
			remoteInfo = AstroPollo;
		};
/* End PBXContainerItemProxy section */

/* Begin PBXFileReference section */
		1830CF8B3A8CB74BDB14A43C /* Pods-AstroPollo-AstroPolloUITests.debug.xcconfig */ = {isa = PBXFileReference; includeInIndex = 1; lastKnownFileType = text.xcconfig; name = "Pods-AstroPollo-AstroPolloUITests.debug.xcconfig"; path = "Target Support Files/Pods-AstroPollo-AstroPolloUITests/Pods-AstroPollo-AstroPolloUITests.debug.xcconfig"; sourceTree = "<group>"; };
		1B25CD125258F0AB503BBDAC /* Pods-AstroPolloTests.release.xcconfig */ = {isa = PBXFileReference; includeInIndex = 1; lastKnownFileType = text.xcconfig; name = "Pods-AstroPolloTests.release.xcconfig"; path = "Target Support Files/Pods-AstroPolloTests/Pods-AstroPolloTests.release.xcconfig"; sourceTree = "<group>"; };
		73A09E7EE07D31D9CE80D1CA /* Pods-AstroPollo.release.xcconfig */ = {isa = PBXFileReference; includeInIndex = 1; lastKnownFileType = text.xcconfig; name = "Pods-AstroPollo.release.xcconfig"; path = "Target Support Files/Pods-AstroPollo/Pods-AstroPollo.release.xcconfig"; sourceTree = "<group>"; };
		79C743BE68BC3000CF5778B5 /* Pods-AstroPolloTests.debug.xcconfig */ = {isa = PBXFileReference; includeInIndex = 1; lastKnownFileType = text.xcconfig; name = "Pods-AstroPolloTests.debug.xcconfig"; path = "Target Support Files/Pods-AstroPolloTests/Pods-AstroPolloTests.debug.xcconfig"; sourceTree = "<group>"; };
		8F2643092A206894003CB6EA /* AstroPollo.app */ = {isa = PBXFileReference; explicitFileType = wrapper.application; includeInIndex = 0; path = AstroPollo.app; sourceTree = BUILT_PRODUCTS_DIR; };
		8F26430C2A206894003CB6EA /* AppDelegate.swift */ = {isa = PBXFileReference; lastKnownFileType = sourcecode.swift; path = AppDelegate.swift; sourceTree = "<group>"; };
		8F26430E2A206894003CB6EA /* SceneDelegate.swift */ = {isa = PBXFileReference; lastKnownFileType = sourcecode.swift; path = SceneDelegate.swift; sourceTree = "<group>"; };
		8F2643102A206894003CB6EA /* ViewController.swift */ = {isa = PBXFileReference; lastKnownFileType = sourcecode.swift; path = ViewController.swift; sourceTree = "<group>"; };
		8F2643132A206894003CB6EA /* Base */ = {isa = PBXFileReference; lastKnownFileType = file.storyboard; name = Base; path = Base.lproj/Main.storyboard; sourceTree = "<group>"; };
		8F2643152A206895003CB6EA /* Assets.xcassets */ = {isa = PBXFileReference; lastKnownFileType = folder.assetcatalog; path = Assets.xcassets; sourceTree = "<group>"; };
		8F2643182A206895003CB6EA /* Base */ = {isa = PBXFileReference; lastKnownFileType = file.storyboard; name = Base; path = Base.lproj/LaunchScreen.storyboard; sourceTree = "<group>"; };
		8F26431A2A206895003CB6EA /* Info.plist */ = {isa = PBXFileReference; lastKnownFileType = text.plist.xml; path = Info.plist; sourceTree = "<group>"; };
		8F26431F2A206895003CB6EA /* AstroPolloTests.xctest */ = {isa = PBXFileReference; explicitFileType = wrapper.cfbundle; includeInIndex = 0; path = AstroPolloTests.xctest; sourceTree = BUILT_PRODUCTS_DIR; };
		8F2643232A206895003CB6EA /* AstroPolloTests.swift */ = {isa = PBXFileReference; lastKnownFileType = sourcecode.swift; path = AstroPolloTests.swift; sourceTree = "<group>"; };
		8F2643292A206895003CB6EA /* AstroPolloUITests.xctest */ = {isa = PBXFileReference; explicitFileType = wrapper.cfbundle; includeInIndex = 0; path = AstroPolloUITests.xctest; sourceTree = BUILT_PRODUCTS_DIR; };
		8F26432D2A206895003CB6EA /* AstroPolloUITests.swift */ = {isa = PBXFileReference; lastKnownFileType = sourcecode.swift; path = AstroPolloUITests.swift; sourceTree = "<group>"; };
		8F26432F2A206895003CB6EA /* AstroPolloUITestsLaunchTests.swift */ = {isa = PBXFileReference; lastKnownFileType = sourcecode.swift; path = AstroPolloUITestsLaunchTests.swift; sourceTree = "<group>"; };
		8F3EC7FB2A254374006BC0AD /* PerfilController.swift */ = {isa = PBXFileReference; lastKnownFileType = sourcecode.swift; path = PerfilController.swift; sourceTree = "<group>"; };
		8F3EC7FD2A2548ED006BC0AD /* PerfilViewCell.swift */ = {isa = PBXFileReference; lastKnownFileType = sourcecode.swift; path = PerfilViewCell.swift; sourceTree = "<group>"; };
		8F3EC8002A255464006BC0AD /* HorariosController.swift */ = {isa = PBXFileReference; lastKnownFileType = sourcecode.swift; path = HorariosController.swift; sourceTree = "<group>"; };
		8F3EC8022A256004006BC0AD /* HorariosViewCell.swift */ = {isa = PBXFileReference; lastKnownFileType = sourcecode.swift; path = HorariosViewCell.swift; sourceTree = "<group>"; };
		8F3EC8062A2563F2006BC0AD /* ModeloHorario.swift */ = {isa = PBXFileReference; lastKnownFileType = sourcecode.swift; path = ModeloHorario.swift; sourceTree = "<group>"; };
		8F3EC8092A256FF8006BC0AD /* PasswordPerfilController.swift */ = {isa = PBXFileReference; lastKnownFileType = sourcecode.swift; path = PasswordPerfilController.swift; sourceTree = "<group>"; };
		8F3EC80C2A257965006BC0AD /* PerfilCorreoController.swift */ = {isa = PBXFileReference; lastKnownFileType = sourcecode.swift; path = PerfilCorreoController.swift; sourceTree = "<group>"; };
		8F3EC80E2A258A94006BC0AD /* DatosGuardados.swift */ = {isa = PBXFileReference; lastKnownFileType = sourcecode.swift; path = DatosGuardados.swift; sourceTree = "<group>"; };
		8F3EC8112A259345006BC0AD /* ListaDireccionesController.swift */ = {isa = PBXFileReference; lastKnownFileType = sourcecode.swift; path = ListaDireccionesController.swift; sourceTree = "<group>"; };
		8F3EC8132A259836006BC0AD /* ListaDireccionesViewCell.swift */ = {isa = PBXFileReference; lastKnownFileType = sourcecode.swift; path = ListaDireccionesViewCell.swift; sourceTree = "<group>"; };
		8F3EC8162A259A74006BC0AD /* ModeloDirecciones.swift */ = {isa = PBXFileReference; lastKnownFileType = sourcecode.swift; path = ModeloDirecciones.swift; sourceTree = "<group>"; };
		8F3EC8182A25A237006BC0AD /* SeleccionarDireccionController.swift */ = {isa = PBXFileReference; lastKnownFileType = sourcecode.swift; path = SeleccionarDireccionController.swift; sourceTree = "<group>"; };
		8F4810952A23B3710024FBC3 /* Toast.swift */ = {isa = PBXFileReference; fileEncoding = 4; lastKnownFileType = sourcecode.swift; name = Toast.swift; path = ../../../../EjemploDos/EjemploDos/Controller/Extras/Toast.swift; sourceTree = "<group>"; };
		8F4810972A23B9D70024FBC3 /* RecuperacionCorreoController.swift */ = {isa = PBXFileReference; lastKnownFileType = sourcecode.swift; path = RecuperacionCorreoController.swift; sourceTree = "<group>"; };
		8F4810992A23BA8E0024FBC3 /* jsonemail.json */ = {isa = PBXFileReference; fileEncoding = 4; lastKnownFileType = text.json; path = jsonemail.json; sourceTree = "<group>"; };
		8F48109D2A23C5590024FBC3 /* VerificarController.swift */ = {isa = PBXFileReference; lastKnownFileType = sourcecode.swift; path = VerificarController.swift; sourceTree = "<group>"; };
		8F48109F2A23C5E10024FBC3 /* jsonemailenviado.json */ = {isa = PBXFileReference; fileEncoding = 4; lastKnownFileType = text.json; path = jsonemailenviado.json; sourceTree = "<group>"; };
		8F4810A12A23CE970024FBC3 /* CambiarPasswordController.swift */ = {isa = PBXFileReference; lastKnownFileType = sourcecode.swift; path = CambiarPasswordController.swift; sourceTree = "<group>"; };
		8F4810A32A23D1D30024FBC3 /* jsonpassword.json */ = {isa = PBXFileReference; fileEncoding = 4; lastKnownFileType = text.json; path = jsonpassword.json; sourceTree = "<group>"; };
		8F4810A42A23D1D30024FBC3 /* jsonunlockpassword.json */ = {isa = PBXFileReference; fileEncoding = 4; lastKnownFileType = text.json; path = jsonunlockpassword.json; sourceTree = "<group>"; };
		8F4810A72A23F2CD0024FBC3 /* Validator.swift */ = {isa = PBXFileReference; lastKnownFileType = sourcecode.swift; path = Validator.swift; sourceTree = "<group>"; };
		8F4810AA2A23F3E30024FBC3 /* APINetwork.swift */ = {isa = PBXFileReference; lastKnownFileType = sourcecode.swift; path = APINetwork.swift; sourceTree = "<group>"; };
		8F4810AD2A24551A0024FBC3 /* TabBarViewController.swift */ = {isa = PBXFileReference; lastKnownFileType = sourcecode.swift; path = TabBarViewController.swift; sourceTree = "<group>"; };
		8F4810AF2A2456A00024FBC3 /* ServiciosViewController.swift */ = {isa = PBXFileReference; lastKnownFileType = sourcecode.swift; path = ServiciosViewController.swift; sourceTree = "<group>"; };
		8F4810B12A24586C0024FBC3 /* ServiciosCollectionCellController.swift */ = {isa = PBXFileReference; lastKnownFileType = sourcecode.swift; path = ServiciosCollectionCellController.swift; sourceTree = "<group>"; };
		8F4810B42A2458B90024FBC3 /* OrdenesViewController.swift */ = {isa = PBXFileReference; lastKnownFileType = sourcecode.swift; path = OrdenesViewController.swift; sourceTree = "<group>"; };
		8F8B9BE42A229FA500070D34 /* EstiloTextField.swift */ = {isa = PBXFileReference; lastKnownFileType = sourcecode.swift; path = EstiloTextField.swift; sourceTree = "<group>"; };
		8F8B9BE62A22A1B000070D34 /* TextFieldImagen.swift */ = {isa = PBXFileReference; lastKnownFileType = sourcecode.swift; path = TextFieldImagen.swift; sourceTree = "<group>"; };
		8F8B9BE82A22A91E00070D34 /* CustomTextField.swift */ = {isa = PBXFileReference; lastKnownFileType = sourcecode.swift; path = CustomTextField.swift; sourceTree = "<group>"; };
		8F8B9BEB2A22AB2B00070D34 /* LoginController.swift */ = {isa = PBXFileReference; lastKnownFileType = sourcecode.swift; path = LoginController.swift; sourceTree = "<group>"; };
		8F8B9BED2A22D7D900070D34 /* RegistroController.swift */ = {isa = PBXFileReference; lastKnownFileType = sourcecode.swift; path = RegistroController.swift; sourceTree = "<group>"; };
		8F8B9BEF2A22D91D00070D34 /* jsonhotdog.json */ = {isa = PBXFileReference; fileEncoding = 4; lastKnownFileType = text.json; path = jsonhotdog.json; sourceTree = "<group>"; };
		8FD912032A21799500624541 /* SplashController.swift */ = {isa = PBXFileReference; lastKnownFileType = sourcecode.swift; path = SplashController.swift; sourceTree = "<group>"; };
		8FD912062A217E3600624541 /* jsonhambu.json */ = {isa = PBXFileReference; fileEncoding = 4; lastKnownFileType = text.json; path = jsonhambu.json; sourceTree = "<group>"; };
		8FD912112A219DC900624541 /* hotpizza.ttf */ = {isa = PBXFileReference; lastKnownFileType = file; path = hotpizza.ttf; sourceTree = "<group>"; };
		8FDC4A322A264ED100C5052E /* MapaDireccionController.swift */ = {isa = PBXFileReference; lastKnownFileType = sourcecode.swift; path = MapaDireccionController.swift; sourceTree = "<group>"; };
		8FDC4A342A26520600C5052E /* BarraProgresoController.swift */ = {isa = PBXFileReference; lastKnownFileType = sourcecode.swift; path = BarraProgresoController.swift; sourceTree = "<group>"; };
		A497996E4D2646F31667013B /* Pods-AstroPollo.debug.xcconfig */ = {isa = PBXFileReference; includeInIndex = 1; lastKnownFileType = text.xcconfig; name = "Pods-AstroPollo.debug.xcconfig"; path = "Target Support Files/Pods-AstroPollo/Pods-AstroPollo.debug.xcconfig"; sourceTree = "<group>"; };
		BEF2EA853D0F7C215656C00C /* Pods_AstroPollo_AstroPolloUITests.framework */ = {isa = PBXFileReference; explicitFileType = wrapper.framework; includeInIndex = 0; path = Pods_AstroPollo_AstroPolloUITests.framework; sourceTree = BUILT_PRODUCTS_DIR; };
		CA6A1AC5B5AFFC574BC67932 /* Pods-AstroPollo-AstroPolloUITests.release.xcconfig */ = {isa = PBXFileReference; includeInIndex = 1; lastKnownFileType = text.xcconfig; name = "Pods-AstroPollo-AstroPolloUITests.release.xcconfig"; path = "Target Support Files/Pods-AstroPollo-AstroPolloUITests/Pods-AstroPollo-AstroPolloUITests.release.xcconfig"; sourceTree = "<group>"; };
		E57B4527E243C6C40A9FEF7A /* Pods_AstroPollo.framework */ = {isa = PBXFileReference; explicitFileType = wrapper.framework; includeInIndex = 0; path = Pods_AstroPollo.framework; sourceTree = BUILT_PRODUCTS_DIR; };
		F3888F985381C30F295DE45D /* Pods_AstroPolloTests.framework */ = {isa = PBXFileReference; explicitFileType = wrapper.framework; includeInIndex = 0; path = Pods_AstroPolloTests.framework; sourceTree = BUILT_PRODUCTS_DIR; };
/* End PBXFileReference section */

/* Begin PBXFrameworksBuildPhase section */
		8F2643062A206894003CB6EA /* Frameworks */ = {
			isa = PBXFrameworksBuildPhase;
			buildActionMask = 2147483647;
			files = (
				42ABFC5AB9B707F09B3198D8 /* Pods_AstroPollo.framework in Frameworks */,
			);
			runOnlyForDeploymentPostprocessing = 0;
		};
		8F26431C2A206895003CB6EA /* Frameworks */ = {
			isa = PBXFrameworksBuildPhase;
			buildActionMask = 2147483647;
			files = (
				333DC6AECE20BD486CF7CC2E /* Pods_AstroPolloTests.framework in Frameworks */,
			);
			runOnlyForDeploymentPostprocessing = 0;
		};
		8F2643262A206895003CB6EA /* Frameworks */ = {
			isa = PBXFrameworksBuildPhase;
			buildActionMask = 2147483647;
			files = (
				9C6A566894115573DCD24381 /* Pods_AstroPollo_AstroPolloUITests.framework in Frameworks */,
			);
			runOnlyForDeploymentPostprocessing = 0;
		};
/* End PBXFrameworksBuildPhase section */

/* Begin PBXGroup section */
		441F80B2C2ED97EEBB315E5D /* Frameworks */ = {
			isa = PBXGroup;
			children = (
				E57B4527E243C6C40A9FEF7A /* Pods_AstroPollo.framework */,
				BEF2EA853D0F7C215656C00C /* Pods_AstroPollo_AstroPolloUITests.framework */,
				F3888F985381C30F295DE45D /* Pods_AstroPolloTests.framework */,
			);
			name = Frameworks;
			sourceTree = "<group>";
		};
		63B05CDA08BFA32071B264B3 /* Pods */ = {
			isa = PBXGroup;
			children = (
				A497996E4D2646F31667013B /* Pods-AstroPollo.debug.xcconfig */,
				73A09E7EE07D31D9CE80D1CA /* Pods-AstroPollo.release.xcconfig */,
				1830CF8B3A8CB74BDB14A43C /* Pods-AstroPollo-AstroPolloUITests.debug.xcconfig */,
				CA6A1AC5B5AFFC574BC67932 /* Pods-AstroPollo-AstroPolloUITests.release.xcconfig */,
				79C743BE68BC3000CF5778B5 /* Pods-AstroPolloTests.debug.xcconfig */,
				1B25CD125258F0AB503BBDAC /* Pods-AstroPolloTests.release.xcconfig */,
			);
			path = Pods;
			sourceTree = "<group>";
		};
		8F2643002A206894003CB6EA = {
			isa = PBXGroup;
			children = (
				8F26430B2A206894003CB6EA /* AstroPollo */,
				8F2643222A206895003CB6EA /* AstroPolloTests */,
				8F26432C2A206895003CB6EA /* AstroPolloUITests */,
				8F26430A2A206894003CB6EA /* Products */,
				63B05CDA08BFA32071B264B3 /* Pods */,
				441F80B2C2ED97EEBB315E5D /* Frameworks */,
			);
			sourceTree = "<group>";
		};
		8F26430A2A206894003CB6EA /* Products */ = {
			isa = PBXGroup;
			children = (
				8F2643092A206894003CB6EA /* AstroPollo.app */,
				8F26431F2A206895003CB6EA /* AstroPolloTests.xctest */,
				8F2643292A206895003CB6EA /* AstroPolloUITests.xctest */,
			);
			name = Products;
			sourceTree = "<group>";
		};
		8F26430B2A206894003CB6EA /* AstroPollo */ = {
			isa = PBXGroup;
			children = (
				8F3EC8042A2563D7006BC0AD /* Modelos */,
				8F4810A92A23F3C90024FBC3 /* Network */,
				8FD9120F2A219D7500624541 /* Resources */,
				8FD912062A217E3600624541 /* jsonhambu.json */,
				8F48109F2A23C5E10024FBC3 /* jsonemailenviado.json */,
				8F8B9BEF2A22D91D00070D34 /* jsonhotdog.json */,
				8F4810A32A23D1D30024FBC3 /* jsonpassword.json */,
				8F4810A42A23D1D30024FBC3 /* jsonunlockpassword.json */,
				8F4810992A23BA8E0024FBC3 /* jsonemail.json */,
				8FD912012A21796D00624541 /* Controladores */,
				8F26430C2A206894003CB6EA /* AppDelegate.swift */,
				8F26430E2A206894003CB6EA /* SceneDelegate.swift */,
				8F2643102A206894003CB6EA /* ViewController.swift */,
				8F2643122A206894003CB6EA /* Main.storyboard */,
				8F2643152A206895003CB6EA /* Assets.xcassets */,
				8F2643172A206895003CB6EA /* LaunchScreen.storyboard */,
				8F26431A2A206895003CB6EA /* Info.plist */,
			);
			path = AstroPollo;
			sourceTree = "<group>";
		};
		8F2643222A206895003CB6EA /* AstroPolloTests */ = {
			isa = PBXGroup;
			children = (
				8F2643232A206895003CB6EA /* AstroPolloTests.swift */,
			);
			path = AstroPolloTests;
			sourceTree = "<group>";
		};
		8F26432C2A206895003CB6EA /* AstroPolloUITests */ = {
			isa = PBXGroup;
			children = (
				8F26432D2A206895003CB6EA /* AstroPolloUITests.swift */,
				8F26432F2A206895003CB6EA /* AstroPolloUITestsLaunchTests.swift */,
			);
			path = AstroPolloUITests;
			sourceTree = "<group>";
		};
		8F3EC7FA2A254338006BC0AD /* Perfil */ = {
			isa = PBXGroup;
			children = (
				8FDC4A312A264EC100C5052E /* Mapa */,
				8F3EC8102A259334006BC0AD /* Direcciones */,
				8F3EC80B2A257952006BC0AD /* PerfilCorreo */,
				8F3EC8082A256FDE006BC0AD /* Contrasena */,
				8F3EC7FF2A255454006BC0AD /* Horarios */,
				8F3EC7FB2A254374006BC0AD /* PerfilController.swift */,
				8F3EC7FD2A2548ED006BC0AD /* PerfilViewCell.swift */,
			);
			path = Perfil;
			sourceTree = "<group>";
		};
		8F3EC7FF2A255454006BC0AD /* Horarios */ = {
			isa = PBXGroup;
			children = (
				8F3EC8002A255464006BC0AD /* HorariosController.swift */,
				8F3EC8022A256004006BC0AD /* HorariosViewCell.swift */,
			);
			path = Horarios;
			sourceTree = "<group>";
		};
		8F3EC8042A2563D7006BC0AD /* Modelos */ = {
			isa = PBXGroup;
			children = (
				8F3EC8152A259A65006BC0AD /* Direcciones */,
				8F3EC8052A2563E3006BC0AD /* Perfil */,
			);
			path = Modelos;
			sourceTree = "<group>";
		};
		8F3EC8052A2563E3006BC0AD /* Perfil */ = {
			isa = PBXGroup;
			children = (
				8F3EC8062A2563F2006BC0AD /* ModeloHorario.swift */,
			);
			path = Perfil;
			sourceTree = "<group>";
		};
		8F3EC8082A256FDE006BC0AD /* Contrasena */ = {
			isa = PBXGroup;
			children = (
				8F3EC8092A256FF8006BC0AD /* PasswordPerfilController.swift */,
			);
			path = Contrasena;
			sourceTree = "<group>";
		};
		8F3EC80B2A257952006BC0AD /* PerfilCorreo */ = {
			isa = PBXGroup;
			children = (
				8F3EC80C2A257965006BC0AD /* PerfilCorreoController.swift */,
			);
			path = PerfilCorreo;
			sourceTree = "<group>";
		};
		8F3EC8102A259334006BC0AD /* Direcciones */ = {
			isa = PBXGroup;
			children = (
				8F3EC8112A259345006BC0AD /* ListaDireccionesController.swift */,
				8F3EC8132A259836006BC0AD /* ListaDireccionesViewCell.swift */,
				8F3EC8182A25A237006BC0AD /* SeleccionarDireccionController.swift */,
			);
			path = Direcciones;
			sourceTree = "<group>";
		};
		8F3EC8152A259A65006BC0AD /* Direcciones */ = {
			isa = PBXGroup;
			children = (
				8F3EC8162A259A74006BC0AD /* ModeloDirecciones.swift */,
			);
			path = Direcciones;
			sourceTree = "<group>";
		};
		8F4810A92A23F3C90024FBC3 /* Network */ = {
			isa = PBXGroup;
			children = (
				8F4810AA2A23F3E30024FBC3 /* APINetwork.swift */,
			);
			path = Network;
			sourceTree = "<group>";
		};
		8F4810AC2A2454FB0024FBC3 /* Principal */ = {
			isa = PBXGroup;
			children = (
				8F4810AD2A24551A0024FBC3 /* TabBarViewController.swift */,
				8F4810AF2A2456A00024FBC3 /* ServiciosViewController.swift */,
				8F4810B12A24586C0024FBC3 /* ServiciosCollectionCellController.swift */,
			);
			path = Principal;
			sourceTree = "<group>";
		};
		8F4810B32A2458A20024FBC3 /* Ordenes */ = {
			isa = PBXGroup;
			children = (
				8F4810B42A2458B90024FBC3 /* OrdenesViewController.swift */,
			);
			path = Ordenes;
			sourceTree = "<group>";
		};
		8F8B9BE12A229F2100070D34 /* Extra */ = {
			isa = PBXGroup;
			children = (
				8F8B9BE42A229FA500070D34 /* EstiloTextField.swift */,
				8F8B9BE62A22A1B000070D34 /* TextFieldImagen.swift */,
				8F8B9BE82A22A91E00070D34 /* CustomTextField.swift */,
				8F4810952A23B3710024FBC3 /* Toast.swift */,
				8F4810A72A23F2CD0024FBC3 /* Validator.swift */,
				8F3EC80E2A258A94006BC0AD /* DatosGuardados.swift */,
			);
			path = Extra;
			sourceTree = "<group>";
		};
		8F8B9BEA2A22AB1D00070D34 /* Login */ = {
			isa = PBXGroup;
			children = (
				8F8B9BEB2A22AB2B00070D34 /* LoginController.swift */,
				8F8B9BED2A22D7D900070D34 /* RegistroController.swift */,
				8F4810972A23B9D70024FBC3 /* RecuperacionCorreoController.swift */,
				8F48109D2A23C5590024FBC3 /* VerificarController.swift */,
				8F4810A12A23CE970024FBC3 /* CambiarPasswordController.swift */,
			);
			path = Login;
			sourceTree = "<group>";
		};
		8FD912012A21796D00624541 /* Controladores */ = {
			isa = PBXGroup;
			children = (
				8F3EC7FA2A254338006BC0AD /* Perfil */,
				8F4810B32A2458A20024FBC3 /* Ordenes */,
				8F4810AC2A2454FB0024FBC3 /* Principal */,
				8F8B9BEA2A22AB1D00070D34 /* Login */,
				8FD912022A21797700624541 /* Splash */,
			);
			path = Controladores;
			sourceTree = "<group>";
		};
		8FD912022A21797700624541 /* Splash */ = {
			isa = PBXGroup;
			children = (
				8FD912032A21799500624541 /* SplashController.swift */,
			);
			path = Splash;
			sourceTree = "<group>";
		};
		8FD9120F2A219D7500624541 /* Resources */ = {
			isa = PBXGroup;
			children = (
				8F8B9BE12A229F2100070D34 /* Extra */,
				8FD912102A219D7E00624541 /* Fonts */,
			);
			path = Resources;
			sourceTree = "<group>";
		};
		8FD912102A219D7E00624541 /* Fonts */ = {
			isa = PBXGroup;
			children = (
				8FD912112A219DC900624541 /* hotpizza.ttf */,
			);
			path = Fonts;
			sourceTree = "<group>";
		};
		8FDC4A312A264EC100C5052E /* Mapa */ = {
			isa = PBXGroup;
			children = (
				8FDC4A322A264ED100C5052E /* MapaDireccionController.swift */,
				8FDC4A342A26520600C5052E /* BarraProgresoController.swift */,
			);
			path = Mapa;
			sourceTree = "<group>";
		};
/* End PBXGroup section */

/* Begin PBXNativeTarget section */
		8F2643082A206894003CB6EA /* AstroPollo */ = {
			isa = PBXNativeTarget;
			buildConfigurationList = 8F2643332A206895003CB6EA /* Build configuration list for PBXNativeTarget "AstroPollo" */;
			buildPhases = (
				B2B3F05ED421682B721CC4C4 /* [CP] Check Pods Manifest.lock */,
				8F2643052A206894003CB6EA /* Sources */,
				8F2643062A206894003CB6EA /* Frameworks */,
				8F2643072A206894003CB6EA /* Resources */,
				A9BE6E0BBCF748BE9B19D3DD /* [CP] Embed Pods Frameworks */,
				5918896C8FE0C52F0B8D33A5 /* [CP] Copy Pods Resources */,
			);
			buildRules = (
			);
			dependencies = (
			);
			name = AstroPollo;
			productName = AstroPollo;
			productReference = 8F2643092A206894003CB6EA /* AstroPollo.app */;
			productType = "com.apple.product-type.application";
		};
		8F26431E2A206895003CB6EA /* AstroPolloTests */ = {
			isa = PBXNativeTarget;
			buildConfigurationList = 8F2643362A206895003CB6EA /* Build configuration list for PBXNativeTarget "AstroPolloTests" */;
			buildPhases = (
				F4AADC0ED17ED0F7BD1F7AFE /* [CP] Check Pods Manifest.lock */,
				8F26431B2A206895003CB6EA /* Sources */,
				8F26431C2A206895003CB6EA /* Frameworks */,
				8F26431D2A206895003CB6EA /* Resources */,
			);
			buildRules = (
			);
			dependencies = (
				8F2643212A206895003CB6EA /* PBXTargetDependency */,
			);
			name = AstroPolloTests;
			productName = AstroPolloTests;
			productReference = 8F26431F2A206895003CB6EA /* AstroPolloTests.xctest */;
			productType = "com.apple.product-type.bundle.unit-test";
		};
		8F2643282A206895003CB6EA /* AstroPolloUITests */ = {
			isa = PBXNativeTarget;
			buildConfigurationList = 8F2643392A206895003CB6EA /* Build configuration list for PBXNativeTarget "AstroPolloUITests" */;
			buildPhases = (
				EF3D747587F004A58396DD35 /* [CP] Check Pods Manifest.lock */,
				8F2643252A206895003CB6EA /* Sources */,
				8F2643262A206895003CB6EA /* Frameworks */,
				8F2643272A206895003CB6EA /* Resources */,
				6FB7696B76F956F1C0199331 /* [CP] Embed Pods Frameworks */,
				A01F52AF8BFA07399A86F5C9 /* [CP] Copy Pods Resources */,
			);
			buildRules = (
			);
			dependencies = (
				8F26432B2A206895003CB6EA /* PBXTargetDependency */,
			);
			name = AstroPolloUITests;
			productName = AstroPolloUITests;
			productReference = 8F2643292A206895003CB6EA /* AstroPolloUITests.xctest */;
			productType = "com.apple.product-type.bundle.ui-testing";
		};
/* End PBXNativeTarget section */

/* Begin PBXProject section */
		8F2643012A206894003CB6EA /* Project object */ = {
			isa = PBXProject;
			attributes = {
				BuildIndependentTargetsInParallel = 1;
				LastSwiftUpdateCheck = 1430;
				LastUpgradeCheck = 1430;
				TargetAttributes = {
					8F2643082A206894003CB6EA = {
						CreatedOnToolsVersion = 14.3;
					};
					8F26431E2A206895003CB6EA = {
						CreatedOnToolsVersion = 14.3;
						TestTargetID = 8F2643082A206894003CB6EA;
					};
					8F2643282A206895003CB6EA = {
						CreatedOnToolsVersion = 14.3;
						TestTargetID = 8F2643082A206894003CB6EA;
					};
				};
			};
			buildConfigurationList = 8F2643042A206894003CB6EA /* Build configuration list for PBXProject "AstroPollo" */;
			compatibilityVersion = "Xcode 14.0";
			developmentRegion = en;
			hasScannedForEncodings = 0;
			knownRegions = (
				en,
				Base,
			);
			mainGroup = 8F2643002A206894003CB6EA;
			productRefGroup = 8F26430A2A206894003CB6EA /* Products */;
			projectDirPath = "";
			projectRoot = "";
			targets = (
				8F2643082A206894003CB6EA /* AstroPollo */,
				8F26431E2A206895003CB6EA /* AstroPolloTests */,
				8F2643282A206895003CB6EA /* AstroPolloUITests */,
			);
		};
/* End PBXProject section */

/* Begin PBXResourcesBuildPhase section */
		8F2643072A206894003CB6EA /* Resources */ = {
			isa = PBXResourcesBuildPhase;
			buildActionMask = 2147483647;
			files = (
				8F48109A2A23BA8E0024FBC3 /* jsonemail.json in Resources */,
				8F4810A02A23C5E10024FBC3 /* jsonemailenviado.json in Resources */,
				8FD912122A219DC900624541 /* hotpizza.ttf in Resources */,
				8F8B9BF02A22D91D00070D34 /* jsonhotdog.json in Resources */,
				8FD912072A217E3600624541 /* jsonhambu.json in Resources */,
				8F2643192A206895003CB6EA /* LaunchScreen.storyboard in Resources */,
				8F4810A62A23D1D30024FBC3 /* jsonunlockpassword.json in Resources */,
				8F2643162A206895003CB6EA /* Assets.xcassets in Resources */,
				8F4810A52A23D1D30024FBC3 /* jsonpassword.json in Resources */,
				8F2643142A206894003CB6EA /* Main.storyboard in Resources */,
			);
			runOnlyForDeploymentPostprocessing = 0;
		};
		8F26431D2A206895003CB6EA /* Resources */ = {
			isa = PBXResourcesBuildPhase;
			buildActionMask = 2147483647;
			files = (
			);
			runOnlyForDeploymentPostprocessing = 0;
		};
		8F2643272A206895003CB6EA /* Resources */ = {
			isa = PBXResourcesBuildPhase;
			buildActionMask = 2147483647;
			files = (
			);
			runOnlyForDeploymentPostprocessing = 0;
		};
/* End PBXResourcesBuildPhase section */

/* Begin PBXShellScriptBuildPhase section */
		5918896C8FE0C52F0B8D33A5 /* [CP] Copy Pods Resources */ = {
			isa = PBXShellScriptBuildPhase;
			buildActionMask = 2147483647;
			files = (
			);
			inputFileListPaths = (
				"${PODS_ROOT}/Target Support Files/Pods-AstroPollo/Pods-AstroPollo-resources-${CONFIGURATION}-input-files.xcfilelist",
			);
			name = "[CP] Copy Pods Resources";
			outputFileListPaths = (
				"${PODS_ROOT}/Target Support Files/Pods-AstroPollo/Pods-AstroPollo-resources-${CONFIGURATION}-output-files.xcfilelist",
			);
			runOnlyForDeploymentPostprocessing = 0;
			shellPath = /bin/sh;
			shellScript = "\"${PODS_ROOT}/Target Support Files/Pods-AstroPollo/Pods-AstroPollo-resources.sh\"\n";
			showEnvVarsInLog = 0;
		};
		6FB7696B76F956F1C0199331 /* [CP] Embed Pods Frameworks */ = {
			isa = PBXShellScriptBuildPhase;
			buildActionMask = 2147483647;
			files = (
			);
			inputFileListPaths = (
				"${PODS_ROOT}/Target Support Files/Pods-AstroPollo-AstroPolloUITests/Pods-AstroPollo-AstroPolloUITests-frameworks-${CONFIGURATION}-input-files.xcfilelist",
			);
			name = "[CP] Embed Pods Frameworks";
			outputFileListPaths = (
				"${PODS_ROOT}/Target Support Files/Pods-AstroPollo-AstroPolloUITests/Pods-AstroPollo-AstroPolloUITests-frameworks-${CONFIGURATION}-output-files.xcfilelist",
			);
			runOnlyForDeploymentPostprocessing = 0;
			shellPath = /bin/sh;
			shellScript = "\"${PODS_ROOT}/Target Support Files/Pods-AstroPollo-AstroPolloUITests/Pods-AstroPollo-AstroPolloUITests-frameworks.sh\"\n";
			showEnvVarsInLog = 0;
		};
		A01F52AF8BFA07399A86F5C9 /* [CP] Copy Pods Resources */ = {
			isa = PBXShellScriptBuildPhase;
			buildActionMask = 2147483647;
			files = (
			);
			inputFileListPaths = (
				"${PODS_ROOT}/Target Support Files/Pods-AstroPollo-AstroPolloUITests/Pods-AstroPollo-AstroPolloUITests-resources-${CONFIGURATION}-input-files.xcfilelist",
			);
			name = "[CP] Copy Pods Resources";
			outputFileListPaths = (
				"${PODS_ROOT}/Target Support Files/Pods-AstroPollo-AstroPolloUITests/Pods-AstroPollo-AstroPolloUITests-resources-${CONFIGURATION}-output-files.xcfilelist",
			);
			runOnlyForDeploymentPostprocessing = 0;
			shellPath = /bin/sh;
			shellScript = "\"${PODS_ROOT}/Target Support Files/Pods-AstroPollo-AstroPolloUITests/Pods-AstroPollo-AstroPolloUITests-resources.sh\"\n";
			showEnvVarsInLog = 0;
		};
		A9BE6E0BBCF748BE9B19D3DD /* [CP] Embed Pods Frameworks */ = {
			isa = PBXShellScriptBuildPhase;
			buildActionMask = 2147483647;
			files = (
			);
			inputFileListPaths = (
				"${PODS_ROOT}/Target Support Files/Pods-AstroPollo/Pods-AstroPollo-frameworks-${CONFIGURATION}-input-files.xcfilelist",
			);
			name = "[CP] Embed Pods Frameworks";
			outputFileListPaths = (
				"${PODS_ROOT}/Target Support Files/Pods-AstroPollo/Pods-AstroPollo-frameworks-${CONFIGURATION}-output-files.xcfilelist",
			);
			runOnlyForDeploymentPostprocessing = 0;
			shellPath = /bin/sh;
			shellScript = "\"${PODS_ROOT}/Target Support Files/Pods-AstroPollo/Pods-AstroPollo-frameworks.sh\"\n";
			showEnvVarsInLog = 0;
		};
		B2B3F05ED421682B721CC4C4 /* [CP] Check Pods Manifest.lock */ = {
			isa = PBXShellScriptBuildPhase;
			buildActionMask = 2147483647;
			files = (
			);
			inputFileListPaths = (
			);
			inputPaths = (
				"${PODS_PODFILE_DIR_PATH}/Podfile.lock",
				"${PODS_ROOT}/Manifest.lock",
			);
			name = "[CP] Check Pods Manifest.lock";
			outputFileListPaths = (
			);
			outputPaths = (
				"$(DERIVED_FILE_DIR)/Pods-AstroPollo-checkManifestLockResult.txt",
			);
			runOnlyForDeploymentPostprocessing = 0;
			shellPath = /bin/sh;
			shellScript = "diff \"${PODS_PODFILE_DIR_PATH}/Podfile.lock\" \"${PODS_ROOT}/Manifest.lock\" > /dev/null\nif [ $? != 0 ] ; then\n    # print error to STDERR\n    echo \"error: The sandbox is not in sync with the Podfile.lock. Run 'pod install' or update your CocoaPods installation.\" >&2\n    exit 1\nfi\n# This output is used by Xcode 'outputs' to avoid re-running this script phase.\necho \"SUCCESS\" > \"${SCRIPT_OUTPUT_FILE_0}\"\n";
			showEnvVarsInLog = 0;
		};
		EF3D747587F004A58396DD35 /* [CP] Check Pods Manifest.lock */ = {
			isa = PBXShellScriptBuildPhase;
			buildActionMask = 2147483647;
			files = (
			);
			inputFileListPaths = (
			);
			inputPaths = (
				"${PODS_PODFILE_DIR_PATH}/Podfile.lock",
				"${PODS_ROOT}/Manifest.lock",
			);
			name = "[CP] Check Pods Manifest.lock";
			outputFileListPaths = (
			);
			outputPaths = (
				"$(DERIVED_FILE_DIR)/Pods-AstroPollo-AstroPolloUITests-checkManifestLockResult.txt",
			);
			runOnlyForDeploymentPostprocessing = 0;
			shellPath = /bin/sh;
			shellScript = "diff \"${PODS_PODFILE_DIR_PATH}/Podfile.lock\" \"${PODS_ROOT}/Manifest.lock\" > /dev/null\nif [ $? != 0 ] ; then\n    # print error to STDERR\n    echo \"error: The sandbox is not in sync with the Podfile.lock. Run 'pod install' or update your CocoaPods installation.\" >&2\n    exit 1\nfi\n# This output is used by Xcode 'outputs' to avoid re-running this script phase.\necho \"SUCCESS\" > \"${SCRIPT_OUTPUT_FILE_0}\"\n";
			showEnvVarsInLog = 0;
		};
		F4AADC0ED17ED0F7BD1F7AFE /* [CP] Check Pods Manifest.lock */ = {
			isa = PBXShellScriptBuildPhase;
			buildActionMask = 2147483647;
			files = (
			);
			inputFileListPaths = (
			);
			inputPaths = (
				"${PODS_PODFILE_DIR_PATH}/Podfile.lock",
				"${PODS_ROOT}/Manifest.lock",
			);
			name = "[CP] Check Pods Manifest.lock";
			outputFileListPaths = (
			);
			outputPaths = (
				"$(DERIVED_FILE_DIR)/Pods-AstroPolloTests-checkManifestLockResult.txt",
			);
			runOnlyForDeploymentPostprocessing = 0;
			shellPath = /bin/sh;
			shellScript = "diff \"${PODS_PODFILE_DIR_PATH}/Podfile.lock\" \"${PODS_ROOT}/Manifest.lock\" > /dev/null\nif [ $? != 0 ] ; then\n    # print error to STDERR\n    echo \"error: The sandbox is not in sync with the Podfile.lock. Run 'pod install' or update your CocoaPods installation.\" >&2\n    exit 1\nfi\n# This output is used by Xcode 'outputs' to avoid re-running this script phase.\necho \"SUCCESS\" > \"${SCRIPT_OUTPUT_FILE_0}\"\n";
			showEnvVarsInLog = 0;
		};
/* End PBXShellScriptBuildPhase section */

/* Begin PBXSourcesBuildPhase section */
		8F2643052A206894003CB6EA /* Sources */ = {
			isa = PBXSourcesBuildPhase;
			buildActionMask = 2147483647;
			files = (
				8F4810B02A2456A00024FBC3 /* ServiciosViewController.swift in Sources */,
				8F4810B52A2458B90024FBC3 /* OrdenesViewController.swift in Sources */,
				8F3EC7FC2A254374006BC0AD /* PerfilController.swift in Sources */,
				8F3EC8012A255464006BC0AD /* HorariosController.swift in Sources */,
				8F3EC80F2A258A95006BC0AD /* DatosGuardados.swift in Sources */,
				8F8B9BEE2A22D7D900070D34 /* RegistroController.swift in Sources */,
				8F3EC8172A259A74006BC0AD /* ModeloDirecciones.swift in Sources */,
				8F8B9BE72A22A1B000070D34 /* TextFieldImagen.swift in Sources */,
				8FD912042A21799500624541 /* SplashController.swift in Sources */,
				8F4810982A23B9D70024FBC3 /* RecuperacionCorreoController.swift in Sources */,
				8F8B9BE52A229FA500070D34 /* EstiloTextField.swift in Sources */,
				8FDC4A332A264ED100C5052E /* MapaDireccionController.swift in Sources */,
				8FDC4A352A26520600C5052E /* BarraProgresoController.swift in Sources */,
				8F4810B22A24586C0024FBC3 /* ServiciosCollectionCellController.swift in Sources */,
				8F48109E2A23C5590024FBC3 /* VerificarController.swift in Sources */,
				8F4810A82A23F2CD0024FBC3 /* Validator.swift in Sources */,
				8F3EC7FE2A2548ED006BC0AD /* PerfilViewCell.swift in Sources */,
				8F3EC80A2A256FF8006BC0AD /* PasswordPerfilController.swift in Sources */,
				8F8B9BEC2A22AB2B00070D34 /* LoginController.swift in Sources */,
				8F4810AE2A24551A0024FBC3 /* TabBarViewController.swift in Sources */,
				8F4810A22A23CE970024FBC3 /* CambiarPasswordController.swift in Sources */,
				8F3EC8192A25A237006BC0AD /* SeleccionarDireccionController.swift in Sources */,
				8F8B9BE92A22A91E00070D34 /* CustomTextField.swift in Sources */,
				8F3EC8072A2563F2006BC0AD /* ModeloHorario.swift in Sources */,
				8F3EC8122A259345006BC0AD /* ListaDireccionesController.swift in Sources */,
				8F2643112A206894003CB6EA /* ViewController.swift in Sources */,
				8F3EC8032A256004006BC0AD /* HorariosViewCell.swift in Sources */,
				8F4810962A23B3710024FBC3 /* Toast.swift in Sources */,
				8F3EC80D2A257965006BC0AD /* PerfilCorreoController.swift in Sources */,
				8F26430D2A206894003CB6EA /* AppDelegate.swift in Sources */,
				8F3EC8142A259836006BC0AD /* ListaDireccionesViewCell.swift in Sources */,
				8F26430F2A206894003CB6EA /* SceneDelegate.swift in Sources */,
				8F4810AB2A23F3E30024FBC3 /* APINetwork.swift in Sources */,
			);
			runOnlyForDeploymentPostprocessing = 0;
		};
		8F26431B2A206895003CB6EA /* Sources */ = {
			isa = PBXSourcesBuildPhase;
			buildActionMask = 2147483647;
			files = (
				8F2643242A206895003CB6EA /* AstroPolloTests.swift in Sources */,
			);
			runOnlyForDeploymentPostprocessing = 0;
		};
		8F2643252A206895003CB6EA /* Sources */ = {
			isa = PBXSourcesBuildPhase;
			buildActionMask = 2147483647;
			files = (
				8F26432E2A206895003CB6EA /* AstroPolloUITests.swift in Sources */,
				8F2643302A206895003CB6EA /* AstroPolloUITestsLaunchTests.swift in Sources */,
			);
			runOnlyForDeploymentPostprocessing = 0;
		};
/* End PBXSourcesBuildPhase section */

/* Begin PBXTargetDependency section */
		8F2643212A206895003CB6EA /* PBXTargetDependency */ = {
			isa = PBXTargetDependency;
			target = 8F2643082A206894003CB6EA /* AstroPollo */;
			targetProxy = 8F2643202A206895003CB6EA /* PBXContainerItemProxy */;
		};
		8F26432B2A206895003CB6EA /* PBXTargetDependency */ = {
			isa = PBXTargetDependency;
			target = 8F2643082A206894003CB6EA /* AstroPollo */;
			targetProxy = 8F26432A2A206895003CB6EA /* PBXContainerItemProxy */;
		};
/* End PBXTargetDependency section */

/* Begin PBXVariantGroup section */
		8F2643122A206894003CB6EA /* Main.storyboard */ = {
			isa = PBXVariantGroup;
			children = (
				8F2643132A206894003CB6EA /* Base */,
			);
			name = Main.storyboard;
			sourceTree = "<group>";
		};
		8F2643172A206895003CB6EA /* LaunchScreen.storyboard */ = {
			isa = PBXVariantGroup;
			children = (
				8F2643182A206895003CB6EA /* Base */,
			);
			name = LaunchScreen.storyboard;
			sourceTree = "<group>";
		};
/* End PBXVariantGroup section */

/* Begin XCBuildConfiguration section */
		8F2643312A206895003CB6EA /* Debug */ = {
			isa = XCBuildConfiguration;
			buildSettings = {
				ALWAYS_SEARCH_USER_PATHS = NO;
				CLANG_ANALYZER_NONNULL = YES;
				CLANG_ANALYZER_NUMBER_OBJECT_CONVERSION = YES_AGGRESSIVE;
				CLANG_CXX_LANGUAGE_STANDARD = "gnu++20";
				CLANG_ENABLE_MODULES = YES;
				CLANG_ENABLE_OBJC_ARC = YES;
				CLANG_ENABLE_OBJC_WEAK = YES;
				CLANG_WARN_BLOCK_CAPTURE_AUTORELEASING = YES;
				CLANG_WARN_BOOL_CONVERSION = YES;
				CLANG_WARN_COMMA = YES;
				CLANG_WARN_CONSTANT_CONVERSION = YES;
				CLANG_WARN_DEPRECATED_OBJC_IMPLEMENTATIONS = YES;
				CLANG_WARN_DIRECT_OBJC_ISA_USAGE = YES_ERROR;
				CLANG_WARN_DOCUMENTATION_COMMENTS = YES;
				CLANG_WARN_EMPTY_BODY = YES;
				CLANG_WARN_ENUM_CONVERSION = YES;
				CLANG_WARN_INFINITE_RECURSION = YES;
				CLANG_WARN_INT_CONVERSION = YES;
				CLANG_WARN_NON_LITERAL_NULL_CONVERSION = YES;
				CLANG_WARN_OBJC_IMPLICIT_RETAIN_SELF = YES;
				CLANG_WARN_OBJC_LITERAL_CONVERSION = YES;
				CLANG_WARN_OBJC_ROOT_CLASS = YES_ERROR;
				CLANG_WARN_QUOTED_INCLUDE_IN_FRAMEWORK_HEADER = YES;
				CLANG_WARN_RANGE_LOOP_ANALYSIS = YES;
				CLANG_WARN_STRICT_PROTOTYPES = YES;
				CLANG_WARN_SUSPICIOUS_MOVE = YES;
				CLANG_WARN_UNGUARDED_AVAILABILITY = YES_AGGRESSIVE;
				CLANG_WARN_UNREACHABLE_CODE = YES;
				CLANG_WARN__DUPLICATE_METHOD_MATCH = YES;
				COPY_PHASE_STRIP = NO;
				DEBUG_INFORMATION_FORMAT = dwarf;
				ENABLE_STRICT_OBJC_MSGSEND = YES;
				ENABLE_TESTABILITY = YES;
				GCC_C_LANGUAGE_STANDARD = gnu11;
				GCC_DYNAMIC_NO_PIC = NO;
				GCC_NO_COMMON_BLOCKS = YES;
				GCC_OPTIMIZATION_LEVEL = 0;
				GCC_PREPROCESSOR_DEFINITIONS = (
					"DEBUG=1",
					"$(inherited)",
				);
				GCC_WARN_64_TO_32_BIT_CONVERSION = YES;
				GCC_WARN_ABOUT_RETURN_TYPE = YES_ERROR;
				GCC_WARN_UNDECLARED_SELECTOR = YES;
				GCC_WARN_UNINITIALIZED_AUTOS = YES_AGGRESSIVE;
				GCC_WARN_UNUSED_FUNCTION = YES;
				GCC_WARN_UNUSED_VARIABLE = YES;
				IPHONEOS_DEPLOYMENT_TARGET = 16.4;
				MTL_ENABLE_DEBUG_INFO = INCLUDE_SOURCE;
				MTL_FAST_MATH = YES;
				ONLY_ACTIVE_ARCH = YES;
				SDKROOT = iphoneos;
				SWIFT_ACTIVE_COMPILATION_CONDITIONS = DEBUG;
				SWIFT_OPTIMIZATION_LEVEL = "-Onone";
			};
			name = Debug;
		};
		8F2643322A206895003CB6EA /* Release */ = {
			isa = XCBuildConfiguration;
			buildSettings = {
				ALWAYS_SEARCH_USER_PATHS = NO;
				CLANG_ANALYZER_NONNULL = YES;
				CLANG_ANALYZER_NUMBER_OBJECT_CONVERSION = YES_AGGRESSIVE;
				CLANG_CXX_LANGUAGE_STANDARD = "gnu++20";
				CLANG_ENABLE_MODULES = YES;
				CLANG_ENABLE_OBJC_ARC = YES;
				CLANG_ENABLE_OBJC_WEAK = YES;
				CLANG_WARN_BLOCK_CAPTURE_AUTORELEASING = YES;
				CLANG_WARN_BOOL_CONVERSION = YES;
				CLANG_WARN_COMMA = YES;
				CLANG_WARN_CONSTANT_CONVERSION = YES;
				CLANG_WARN_DEPRECATED_OBJC_IMPLEMENTATIONS = YES;
				CLANG_WARN_DIRECT_OBJC_ISA_USAGE = YES_ERROR;
				CLANG_WARN_DOCUMENTATION_COMMENTS = YES;
				CLANG_WARN_EMPTY_BODY = YES;
				CLANG_WARN_ENUM_CONVERSION = YES;
				CLANG_WARN_INFINITE_RECURSION = YES;
				CLANG_WARN_INT_CONVERSION = YES;
				CLANG_WARN_NON_LITERAL_NULL_CONVERSION = YES;
				CLANG_WARN_OBJC_IMPLICIT_RETAIN_SELF = YES;
				CLANG_WARN_OBJC_LITERAL_CONVERSION = YES;
				CLANG_WARN_OBJC_ROOT_CLASS = YES_ERROR;
				CLANG_WARN_QUOTED_INCLUDE_IN_FRAMEWORK_HEADER = YES;
				CLANG_WARN_RANGE_LOOP_ANALYSIS = YES;
				CLANG_WARN_STRICT_PROTOTYPES = YES;
				CLANG_WARN_SUSPICIOUS_MOVE = YES;
				CLANG_WARN_UNGUARDED_AVAILABILITY = YES_AGGRESSIVE;
				CLANG_WARN_UNREACHABLE_CODE = YES;
				CLANG_WARN__DUPLICATE_METHOD_MATCH = YES;
				COPY_PHASE_STRIP = NO;
				DEBUG_INFORMATION_FORMAT = "dwarf-with-dsym";
				ENABLE_NS_ASSERTIONS = NO;
				ENABLE_STRICT_OBJC_MSGSEND = YES;
				GCC_C_LANGUAGE_STANDARD = gnu11;
				GCC_NO_COMMON_BLOCKS = YES;
				GCC_WARN_64_TO_32_BIT_CONVERSION = YES;
				GCC_WARN_ABOUT_RETURN_TYPE = YES_ERROR;
				GCC_WARN_UNDECLARED_SELECTOR = YES;
				GCC_WARN_UNINITIALIZED_AUTOS = YES_AGGRESSIVE;
				GCC_WARN_UNUSED_FUNCTION = YES;
				GCC_WARN_UNUSED_VARIABLE = YES;
				IPHONEOS_DEPLOYMENT_TARGET = 16.4;
				MTL_ENABLE_DEBUG_INFO = NO;
				MTL_FAST_MATH = YES;
				SDKROOT = iphoneos;
				SWIFT_COMPILATION_MODE = wholemodule;
				SWIFT_OPTIMIZATION_LEVEL = "-O";
				VALIDATE_PRODUCT = YES;
			};
			name = Release;
		};
		8F2643342A206895003CB6EA /* Debug */ = {
			isa = XCBuildConfiguration;
			baseConfigurationReference = A497996E4D2646F31667013B /* Pods-AstroPollo.debug.xcconfig */;
			buildSettings = {
				ASSETCATALOG_COMPILER_APPICON_NAME = AppIcon;
				ASSETCATALOG_COMPILER_GLOBAL_ACCENT_COLOR_NAME = AccentColor;
				CODE_SIGN_STYLE = Automatic;
				CURRENT_PROJECT_VERSION = 1;
				DEVELOPMENT_TEAM = FJ4W94ZM68;
				GENERATE_INFOPLIST_FILE = YES;
				INFOPLIST_FILE = AstroPollo/Info.plist;
				INFOPLIST_KEY_CFBundleDisplayName = "Astro Pollo";
				INFOPLIST_KEY_LSApplicationCategoryType = "public.app-category.food-and-drink";
				INFOPLIST_KEY_NSLocationAlwaysAndWhenInUseUsageDescription = "Se necesita su ubicación para brindar nuestro servicio adomicilio";
				INFOPLIST_KEY_NSLocationAlwaysUsageDescription = "Se necesita su ubicación para brindar nuestro servicio adomicilio";
				INFOPLIST_KEY_NSLocationWhenInUseUsageDescription = "Se necesita su ubicación para brindar nuestro servicio adomicilio";
				INFOPLIST_KEY_UIApplicationSupportsIndirectInputEvents = YES;
				INFOPLIST_KEY_UILaunchStoryboardName = Main.storyboard;
				INFOPLIST_KEY_UIMainStoryboardFile = Main;
				INFOPLIST_KEY_UIStatusBarStyle = "";
				INFOPLIST_KEY_UISupportedInterfaceOrientations = UIInterfaceOrientationPortrait;
				INFOPLIST_KEY_UIUserInterfaceStyle = Light;
				IPHONEOS_DEPLOYMENT_TARGET = 15.0;
				LD_RUNPATH_SEARCH_PATHS = (
					"$(inherited)",
					"@executable_path/Frameworks",
				);
				MARKETING_VERSION = 1.0;
				PRODUCT_BUNDLE_IDENTIFIER = com.tatanstudios.AstroPollo;
				PRODUCT_NAME = "$(TARGET_NAME)";
				SWIFT_EMIT_LOC_STRINGS = YES;
				SWIFT_VERSION = 5.0;
				TARGETED_DEVICE_FAMILY = "1,2";
			};
			name = Debug;
		};
		8F2643352A206895003CB6EA /* Release */ = {
			isa = XCBuildConfiguration;
			baseConfigurationReference = 73A09E7EE07D31D9CE80D1CA /* Pods-AstroPollo.release.xcconfig */;
			buildSettings = {
				ASSETCATALOG_COMPILER_APPICON_NAME = AppIcon;
				ASSETCATALOG_COMPILER_GLOBAL_ACCENT_COLOR_NAME = AccentColor;
				CODE_SIGN_STYLE = Automatic;
				CURRENT_PROJECT_VERSION = 1;
				DEVELOPMENT_TEAM = FJ4W94ZM68;
				GENERATE_INFOPLIST_FILE = YES;
				INFOPLIST_FILE = AstroPollo/Info.plist;
				INFOPLIST_KEY_CFBundleDisplayName = "Astro Pollo";
				INFOPLIST_KEY_LSApplicationCategoryType = "public.app-category.food-and-drink";
				INFOPLIST_KEY_NSLocationAlwaysAndWhenInUseUsageDescription = "Se necesita su ubicación para brindar nuestro servicio adomicilio";
				INFOPLIST_KEY_NSLocationAlwaysUsageDescription = "Se necesita su ubicación para brindar nuestro servicio adomicilio";
				INFOPLIST_KEY_NSLocationWhenInUseUsageDescription = "Se necesita su ubicación para brindar nuestro servicio adomicilio";
				INFOPLIST_KEY_UIApplicationSupportsIndirectInputEvents = YES;
				INFOPLIST_KEY_UILaunchStoryboardName = Main.storyboard;
				INFOPLIST_KEY_UIMainStoryboardFile = Main;
				INFOPLIST_KEY_UIStatusBarStyle = "";
				INFOPLIST_KEY_UISupportedInterfaceOrientations = UIInterfaceOrientationPortrait;
				INFOPLIST_KEY_UIUserInterfaceStyle = Light;
				IPHONEOS_DEPLOYMENT_TARGET = 15.0;
				LD_RUNPATH_SEARCH_PATHS = (
					"$(inherited)",
					"@executable_path/Frameworks",
				);
				MARKETING_VERSION = 1.0;
				PRODUCT_BUNDLE_IDENTIFIER = com.tatanstudios.AstroPollo;
				PRODUCT_NAME = "$(TARGET_NAME)";
				SWIFT_EMIT_LOC_STRINGS = YES;
				SWIFT_VERSION = 5.0;
				TARGETED_DEVICE_FAMILY = "1,2";
			};
			name = Release;
		};
		8F2643372A206895003CB6EA /* Debug */ = {
			isa = XCBuildConfiguration;
			baseConfigurationReference = 79C743BE68BC3000CF5778B5 /* Pods-AstroPolloTests.debug.xcconfig */;
			buildSettings = {
				ALWAYS_EMBED_SWIFT_STANDARD_LIBRARIES = YES;
				BUNDLE_LOADER = "$(TEST_HOST)";
				CODE_SIGN_STYLE = Automatic;
				CURRENT_PROJECT_VERSION = 1;
				DEVELOPMENT_TEAM = FJ4W94ZM68;
				GENERATE_INFOPLIST_FILE = YES;
				IPHONEOS_DEPLOYMENT_TARGET = 13.0;
				MARKETING_VERSION = 1.0;
				PRODUCT_BUNDLE_IDENTIFIER = com.tatanstudios.AstroPolloTests;
				PRODUCT_NAME = "$(TARGET_NAME)";
				SWIFT_EMIT_LOC_STRINGS = NO;
				SWIFT_VERSION = 5.0;
				TARGETED_DEVICE_FAMILY = "1,2";
				TEST_HOST = "$(BUILT_PRODUCTS_DIR)/AstroPollo.app/$(BUNDLE_EXECUTABLE_FOLDER_PATH)/AstroPollo";
			};
			name = Debug;
		};
		8F2643382A206895003CB6EA /* Release */ = {
			isa = XCBuildConfiguration;
			baseConfigurationReference = 1B25CD125258F0AB503BBDAC /* Pods-AstroPolloTests.release.xcconfig */;
			buildSettings = {
				ALWAYS_EMBED_SWIFT_STANDARD_LIBRARIES = YES;
				BUNDLE_LOADER = "$(TEST_HOST)";
				CODE_SIGN_STYLE = Automatic;
				CURRENT_PROJECT_VERSION = 1;
				DEVELOPMENT_TEAM = FJ4W94ZM68;
				GENERATE_INFOPLIST_FILE = YES;
				IPHONEOS_DEPLOYMENT_TARGET = 13.0;
				MARKETING_VERSION = 1.0;
				PRODUCT_BUNDLE_IDENTIFIER = com.tatanstudios.AstroPolloTests;
				PRODUCT_NAME = "$(TARGET_NAME)";
				SWIFT_EMIT_LOC_STRINGS = NO;
				SWIFT_VERSION = 5.0;
				TARGETED_DEVICE_FAMILY = "1,2";
				TEST_HOST = "$(BUILT_PRODUCTS_DIR)/AstroPollo.app/$(BUNDLE_EXECUTABLE_FOLDER_PATH)/AstroPollo";
			};
			name = Release;
		};
		8F26433A2A206895003CB6EA /* Debug */ = {
			isa = XCBuildConfiguration;
			baseConfigurationReference = 1830CF8B3A8CB74BDB14A43C /* Pods-AstroPollo-AstroPolloUITests.debug.xcconfig */;
			buildSettings = {
				ALWAYS_EMBED_SWIFT_STANDARD_LIBRARIES = YES;
				CODE_SIGN_STYLE = Automatic;
				CURRENT_PROJECT_VERSION = 1;
				DEVELOPMENT_TEAM = FJ4W94ZM68;
				GENERATE_INFOPLIST_FILE = YES;
				MARKETING_VERSION = 1.0;
				PRODUCT_BUNDLE_IDENTIFIER = com.tatanstudios.AstroPolloUITests;
				PRODUCT_NAME = "$(TARGET_NAME)";
				SWIFT_EMIT_LOC_STRINGS = NO;
				SWIFT_VERSION = 5.0;
				TARGETED_DEVICE_FAMILY = "1,2";
				TEST_TARGET_NAME = AstroPollo;
			};
			name = Debug;
		};
		8F26433B2A206895003CB6EA /* Release */ = {
			isa = XCBuildConfiguration;
			baseConfigurationReference = CA6A1AC5B5AFFC574BC67932 /* Pods-AstroPollo-AstroPolloUITests.release.xcconfig */;
			buildSettings = {
				ALWAYS_EMBED_SWIFT_STANDARD_LIBRARIES = YES;
				CODE_SIGN_STYLE = Automatic;
				CURRENT_PROJECT_VERSION = 1;
				DEVELOPMENT_TEAM = FJ4W94ZM68;
				GENERATE_INFOPLIST_FILE = YES;
				MARKETING_VERSION = 1.0;
				PRODUCT_BUNDLE_IDENTIFIER = com.tatanstudios.AstroPolloUITests;
				PRODUCT_NAME = "$(TARGET_NAME)";
				SWIFT_EMIT_LOC_STRINGS = NO;
				SWIFT_VERSION = 5.0;
				TARGETED_DEVICE_FAMILY = "1,2";
				TEST_TARGET_NAME = AstroPollo;
			};
			name = Release;
		};
/* End XCBuildConfiguration section */

/* Begin XCConfigurationList section */
		8F2643042A206894003CB6EA /* Build configuration list for PBXProject "AstroPollo" */ = {
			isa = XCConfigurationList;
			buildConfigurations = (
				8F2643312A206895003CB6EA /* Debug */,
				8F2643322A206895003CB6EA /* Release */,
			);
			defaultConfigurationIsVisible = 0;
			defaultConfigurationName = Release;
		};
		8F2643332A206895003CB6EA /* Build configuration list for PBXNativeTarget "AstroPollo" */ = {
			isa = XCConfigurationList;
			buildConfigurations = (
				8F2643342A206895003CB6EA /* Debug */,
				8F2643352A206895003CB6EA /* Release */,
			);
			defaultConfigurationIsVisible = 0;
			defaultConfigurationName = Release;
		};
		8F2643362A206895003CB6EA /* Build configuration list for PBXNativeTarget "AstroPolloTests" */ = {
			isa = XCConfigurationList;
			buildConfigurations = (
				8F2643372A206895003CB6EA /* Debug */,
				8F2643382A206895003CB6EA /* Release */,
			);
			defaultConfigurationIsVisible = 0;
			defaultConfigurationName = Release;
		};
		8F2643392A206895003CB6EA /* Build configuration list for PBXNativeTarget "AstroPolloUITests" */ = {
			isa = XCConfigurationList;
			buildConfigurations = (
				8F26433A2A206895003CB6EA /* Debug */,
				8F26433B2A206895003CB6EA /* Release */,
			);
			defaultConfigurationIsVisible = 0;
			defaultConfigurationName = Release;
		};
/* End XCConfigurationList section */
	};
	rootObject = 8F2643012A206894003CB6EA /* Project object */;
}
